
Microsoft Visual Studio Solution File, Format Version 12.00
# Visual Studio 15
VisualStudioVersion = 15.0.26430.15
MinimumVisualStudioVersion = 10.0.40219.1
Project("{FAE04EC0-301F-11D3-BF4B-00C04F79EFBC}") = "01-Data Access Layer", "01-Data Access Layer\01-Data Access Layer.csproj", "{672BF79D-3D69-4479-9948-E891C41A0C6A}"
EndProject
Project("{FAE04EC0-301F-11D3-BF4B-00C04F79EFBC}") = "02-Business Entities", "02-Business Entities\02-Business Entities.csproj", "{08704A35-9853-4E20-BE75-F6BC57C26385}"
EndProject
Project("{FAE04EC0-301F-11D3-BF4B-00C04F79EFBC}") = "03-Business Logic", "03-Business Logic\03-Business Logic.csproj", "{5E49704B-845D-4F2F-80D9-368AC4DBF2D3}"
EndProject
Project("{FAE04EC0-301F-11D3-BF4B-00C04F79EFBC}") = "04-WebAPI", "04-WebAPI\04-WebAPI.csproj", "{5A7EA743-0D22-4EDD-9C74-35DE386F4E3A}"
EndProject
Global
	GlobalSection(SolutionConfigurationPlatforms) = preSolution
		Debug|Any CPU = Debug|Any CPU
		Release|Any CPU = Release|Any CPU
	EndGlobalSection
	GlobalSection(ProjectConfigurationPlatforms) = postSolution
		{672BF79D-3D69-4479-9948-E891C41A0C6A}.Debug|Any CPU.ActiveCfg = Debug|Any CPU
		{672BF79D-3D69-4479-9948-E891C41A0C6A}.Debug|Any CPU.Build.0 = Debug|Any CPU
		{672BF79D-3D69-4479-9948-E891C41A0C6A}.Release|Any CPU.ActiveCfg = Release|Any CPU
		{672BF79D-3D69-4479-9948-E891C41A0C6A}.Release|Any CPU.Build.0 = Release|Any CPU
		{08704A35-9853-4E20-BE75-F6BC57C26385}.Debug|Any CPU.ActiveCfg = Debug|Any CPU
		{08704A35-9853-4E20-BE75-F6BC57C26385}.Debug|Any CPU.Build.0 = Debug|Any CPU
		{08704A35-9853-4E20-BE75-F6BC57C26385}.Release|Any CPU.ActiveCfg = Release|Any CPU
		{08704A35-9853-4E20-BE75-F6BC57C26385}.Release|Any CPU.Build.0 = Release|Any CPU
		{5E49704B-845D-4F2F-80D9-368AC4DBF2D3}.Debug|Any CPU.ActiveCfg = Debug|Any CPU
		{5E49704B-845D-4F2F-80D9-368AC4DBF2D3}.Debug|Any CPU.Build.0 = Debug|Any CPU
		{5E49704B-845D-4F2F-80D9-368AC4DBF2D3}.Release|Any CPU.ActiveCfg = Release|Any CPU
		{5E49704B-845D-4F2F-80D9-368AC4DBF2D3}.Release|Any CPU.Build.0 = Release|Any CPU
		{5A7EA743-0D22-4EDD-9C74-35DE386F4E3A}.Debug|Any CPU.ActiveCfg = Debug|Any CPU
		{5A7EA743-0D22-4EDD-9C74-35DE386F4E3A}.Debug|Any CPU.Build.0 = Debug|Any CPU
		{5A7EA743-0D22-4EDD-9C74-35DE386F4E3A}.Release|Any CPU.ActiveCfg = Release|Any CPU
		{5A7EA743-0D22-4EDD-9C74-35DE386F4E3A}.Release|Any CPU.Build.0 = Release|Any CPU
	EndGlobalSection
	GlobalSection(SolutionProperties) = preSolution
		HideSolutionNode = FALSE
	EndGlobalSection
EndGlobal
